
Microsoft Visual Studio Solution File, Format Version 12.00
# Visual Studio Version 16
VisualStudioVersion = 16.0.30907.101
MinimumVisualStudioVersion = 10.0.40219.1
Project("{FAE04EC0-301F-11D3-BF4B-00C04F79EFBC}") = "Hyphen.Tools.ProjectRenamer", "Hyphen.Tools.ProjectRenamer.csproj", "{3EB97913-5961-456C-AABE-ABDE8523088E}"
EndProject
Global
	GlobalSection(SolutionConfigurationPlatforms) = preSolution
		Debug|Any CPU = Debug|Any CPU
		Release|Any CPU = Release|Any CPU
	EndGlobalSection
	GlobalSection(ProjectConfigurationPlatforms) = postSolution
		{3EB97913-5961-456C-AABE-ABDE8523088E}.Debug|Any CPU.ActiveCfg = Debug|Any CPU
		{3EB97913-5961-456C-AABE-ABDE8523088E}.Debug|Any CPU.Build.0 = Debug|Any CPU
		{3EB97913-5961-456C-AABE-ABDE8523088E}.Release|Any CPU.ActiveCfg = Release|Any CPU
		{3EB97913-5961-456C-AABE-ABDE8523088E}.Release|Any CPU.Build.0 = Release|Any CPU
	EndGlobalSection
	GlobalSection(SolutionProperties) = preSolution
		HideSolutionNode = FALSE
	EndGlobalSection
	GlobalSection(ExtensibilityGlobals) = postSolution
		SolutionGuid = {BBD1B22C-4326-4F6C-B88D-B875756B732A}
	EndGlobalSection
EndGlobal
